
Microsoft Visual Studio Solution File, Format Version 12.00
# Visual Studio 14
VisualStudioVersion = 14.0.25420.1
MinimumVisualStudioVersion = 10.0.40219.1
Project("{FAE04EC0-301F-11D3-BF4B-00C04F79EFBC}") = "TimesheetManagement.Client", "TimesheetManagement.Client\TimesheetManagement.Client.csproj", "{85EB28F6-03E2-474D-8023-EE8FD95F75F2}"
	ProjectSection(ProjectDependencies) = postProject
		{42ABF962-0B51-41B0-92B3-98C7A2B2B171} = {42ABF962-0B51-41B0-92B3-98C7A2B2B171}
		{5889619D-CC10-4BE5-BC54-D9199F52078A} = {5889619D-CC10-4BE5-BC54-D9199F52078A}
		{BB773BDD-6ADF-4188-82E6-6048FA3E5420} = {BB773BDD-6ADF-4188-82E6-6048FA3E5420}
	EndProjectSection
EndProject
Project("{FAE04EC0-301F-11D3-BF4B-00C04F79EFBC}") = "TimesheetManagement.Service.Api", "TimesheetManagement.Service.Api\TimesheetManagement.Service.Api.csproj", "{CB45067C-A9D3-4758-9FFD-ADD9F280EA4D}"
	ProjectSection(ProjectDependencies) = postProject
		{BF247438-BEC6-4459-9CF8-B16C27B833E7} = {BF247438-BEC6-4459-9CF8-B16C27B833E7}
		{46CB408F-9721-423F-84D7-844328E08731} = {46CB408F-9721-423F-84D7-844328E08731}
	EndProjectSection
EndProject
Project("{FAE04EC0-301F-11D3-BF4B-00C04F79EFBC}") = "TimesheetManagement.Business.Tasks", "TimesheetManagement.Business.Tasks\TimesheetManagement.Business.Tasks.csproj", "{740E193C-C000-407D-88EB-AB6492874554}"
	ProjectSection(ProjectDependencies) = postProject
		{8720F651-01D3-4659-8EE8-4FD933DAEE94} = {8720F651-01D3-4659-8EE8-4FD933DAEE94}
	EndProjectSection
EndProject
Project("{FAE04EC0-301F-11D3-BF4B-00C04F79EFBC}") = "TimesheetManagement.Data", "TimesheetManagement.Data\TimesheetManagement.Data.csproj", "{566450BB-65AF-40CD-8654-E525C16B2408}"
EndProject
Project("{FAE04EC0-301F-11D3-BF4B-00C04F79EFBC}") = "TimesheetManagement.Data.EntityFramework", "TimesheetManagement.Data.EntityFramework\TimesheetManagement.Data.EntityFramework.csproj", "{0CDD347D-C11B-435C-B0D9-BF82E5245503}"
EndProject
Project("{FAE04EC0-301F-11D3-BF4B-00C04F79EFBC}") = "TimesheetManagement.Business", "TimesheetManagement.Business\TimesheetManagement.Business.csproj", "{8720F651-01D3-4659-8EE8-4FD933DAEE94}"
EndProject
Project("{FAE04EC0-301F-11D3-BF4B-00C04F79EFBC}") = "TimesheetManagement.Service", "TimesheetManagement.Service\TimesheetManagement.Service.csproj", "{42ABF962-0B51-41B0-92B3-98C7A2B2B171}"
EndProject
Project("{2150E333-8FDC-42A3-9474-1A3956D46DE8}") = "Business", "Business", "{CBE2B581-9BFD-4F1B-B8F2-1A08FCBF031C}"
EndProject
Project("{2150E333-8FDC-42A3-9474-1A3956D46DE8}") = "Clients", "Clients", "{6D3B8C16-186F-4585-B673-FCD2944F38B3}"
EndProject
Project("{2150E333-8FDC-42A3-9474-1A3956D46DE8}") = "Data", "Data", "{D6343D97-C1C2-414A-93BA-99AE80D004DB}"
EndProject
Project("{2150E333-8FDC-42A3-9474-1A3956D46DE8}") = "Services", "Services", "{E9819B3C-B622-47ED-AD82-DE8CB100BD2B}"
EndProject
Project("{FAE04EC0-301F-11D3-BF4B-00C04F79EFBC}") = "TimesheetManagement.Service.Api.Common", "TimesheetManagement.Service.Api.Common\TimesheetManagement.Service.Api.Common.csproj", "{46CB408F-9721-423F-84D7-844328E08731}"
EndProject
Project("{FAE04EC0-301F-11D3-BF4B-00C04F79EFBC}") = "TimesheetManagement.Service.Api.Tasks", "TimesheetManagement.Service.Api.Tasks\TimesheetManagement.Service.Api.Tasks.csproj", "{BF247438-BEC6-4459-9CF8-B16C27B833E7}"
EndProject
Project("{FAE04EC0-301F-11D3-BF4B-00C04F79EFBC}") = "TimesheetManagement.Client.Tasks", "TimesheetManagement.Client.Tasks\TimesheetManagement.Client.Tasks.csproj", "{5889619D-CC10-4BE5-BC54-D9199F52078A}"
	ProjectSection(ProjectDependencies) = postProject
		{BB773BDD-6ADF-4188-82E6-6048FA3E5420} = {BB773BDD-6ADF-4188-82E6-6048FA3E5420}
	EndProjectSection
EndProject
Project("{FAE04EC0-301F-11D3-BF4B-00C04F79EFBC}") = "TimesheetManagement.Client.Common", "TimesheetManagement.Client.Common\TimesheetManagement.Client.Common.csproj", "{BB773BDD-6ADF-4188-82E6-6048FA3E5420}"
EndProject
Project("{FAE04EC0-301F-11D3-BF4B-00C04F79EFBC}") = "TimesheetManagement.Data.Tasks", "TimesheetManagement.Data.Tasks\TimesheetManagement.Data.Tasks.csproj", "{C73C1127-B7EF-4E90-9ACD-BFD61B1845BB}"
EndProject
Global
	GlobalSection(SolutionConfigurationPlatforms) = preSolution
		Debug|Any CPU = Debug|Any CPU
		Release|Any CPU = Release|Any CPU
	EndGlobalSection
	GlobalSection(ProjectConfigurationPlatforms) = postSolution
		{85EB28F6-03E2-474D-8023-EE8FD95F75F2}.Debug|Any CPU.ActiveCfg = Debug|Any CPU
		{85EB28F6-03E2-474D-8023-EE8FD95F75F2}.Debug|Any CPU.Build.0 = Debug|Any CPU
		{85EB28F6-03E2-474D-8023-EE8FD95F75F2}.Release|Any CPU.ActiveCfg = Release|Any CPU
		{85EB28F6-03E2-474D-8023-EE8FD95F75F2}.Release|Any CPU.Build.0 = Release|Any CPU
		{CB45067C-A9D3-4758-9FFD-ADD9F280EA4D}.Debug|Any CPU.ActiveCfg = Debug|Any CPU
		{CB45067C-A9D3-4758-9FFD-ADD9F280EA4D}.Debug|Any CPU.Build.0 = Debug|Any CPU
		{CB45067C-A9D3-4758-9FFD-ADD9F280EA4D}.Release|Any CPU.ActiveCfg = Release|Any CPU
		{CB45067C-A9D3-4758-9FFD-ADD9F280EA4D}.Release|Any CPU.Build.0 = Release|Any CPU
		{740E193C-C000-407D-88EB-AB6492874554}.Debug|Any CPU.ActiveCfg = Debug|Any CPU
		{740E193C-C000-407D-88EB-AB6492874554}.Debug|Any CPU.Build.0 = Debug|Any CPU
		{740E193C-C000-407D-88EB-AB6492874554}.Release|Any CPU.ActiveCfg = Release|Any CPU
		{740E193C-C000-407D-88EB-AB6492874554}.Release|Any CPU.Build.0 = Release|Any CPU
		{566450BB-65AF-40CD-8654-E525C16B2408}.Debug|Any CPU.ActiveCfg = Debug|Any CPU
		{566450BB-65AF-40CD-8654-E525C16B2408}.Debug|Any CPU.Build.0 = Debug|Any CPU
		{566450BB-65AF-40CD-8654-E525C16B2408}.Release|Any CPU.ActiveCfg = Release|Any CPU
		{566450BB-65AF-40CD-8654-E525C16B2408}.Release|Any CPU.Build.0 = Release|Any CPU
		{0CDD347D-C11B-435C-B0D9-BF82E5245503}.Debug|Any CPU.ActiveCfg = Debug|Any CPU
		{0CDD347D-C11B-435C-B0D9-BF82E5245503}.Debug|Any CPU.Build.0 = Debug|Any CPU
		{0CDD347D-C11B-435C-B0D9-BF82E5245503}.Release|Any CPU.ActiveCfg = Release|Any CPU
		{0CDD347D-C11B-435C-B0D9-BF82E5245503}.Release|Any CPU.Build.0 = Release|Any CPU
		{8720F651-01D3-4659-8EE8-4FD933DAEE94}.Debug|Any CPU.ActiveCfg = Debug|Any CPU
		{8720F651-01D3-4659-8EE8-4FD933DAEE94}.Debug|Any CPU.Build.0 = Debug|Any CPU
		{8720F651-01D3-4659-8EE8-4FD933DAEE94}.Release|Any CPU.ActiveCfg = Release|Any CPU
		{8720F651-01D3-4659-8EE8-4FD933DAEE94}.Release|Any CPU.Build.0 = Release|Any CPU
		{42ABF962-0B51-41B0-92B3-98C7A2B2B171}.Debug|Any CPU.ActiveCfg = Debug|Any CPU
		{42ABF962-0B51-41B0-92B3-98C7A2B2B171}.Debug|Any CPU.Build.0 = Debug|Any CPU
		{42ABF962-0B51-41B0-92B3-98C7A2B2B171}.Release|Any CPU.ActiveCfg = Release|Any CPU
		{42ABF962-0B51-41B0-92B3-98C7A2B2B171}.Release|Any CPU.Build.0 = Release|Any CPU
		{46CB408F-9721-423F-84D7-844328E08731}.Debug|Any CPU.ActiveCfg = Debug|Any CPU
		{46CB408F-9721-423F-84D7-844328E08731}.Debug|Any CPU.Build.0 = Debug|Any CPU
		{46CB408F-9721-423F-84D7-844328E08731}.Release|Any CPU.ActiveCfg = Release|Any CPU
		{46CB408F-9721-423F-84D7-844328E08731}.Release|Any CPU.Build.0 = Release|Any CPU
		{BF247438-BEC6-4459-9CF8-B16C27B833E7}.Debug|Any CPU.ActiveCfg = Debug|Any CPU
		{BF247438-BEC6-4459-9CF8-B16C27B833E7}.Debug|Any CPU.Build.0 = Debug|Any CPU
		{BF247438-BEC6-4459-9CF8-B16C27B833E7}.Release|Any CPU.ActiveCfg = Release|Any CPU
		{BF247438-BEC6-4459-9CF8-B16C27B833E7}.Release|Any CPU.Build.0 = Release|Any CPU
		{5889619D-CC10-4BE5-BC54-D9199F52078A}.Debug|Any CPU.ActiveCfg = Debug|Any CPU
		{5889619D-CC10-4BE5-BC54-D9199F52078A}.Debug|Any CPU.Build.0 = Debug|Any CPU
		{5889619D-CC10-4BE5-BC54-D9199F52078A}.Release|Any CPU.ActiveCfg = Release|Any CPU
		{5889619D-CC10-4BE5-BC54-D9199F52078A}.Release|Any CPU.Build.0 = Release|Any CPU
		{BB773BDD-6ADF-4188-82E6-6048FA3E5420}.Debug|Any CPU.ActiveCfg = Debug|Any CPU
		{BB773BDD-6ADF-4188-82E6-6048FA3E5420}.Debug|Any CPU.Build.0 = Debug|Any CPU
		{BB773BDD-6ADF-4188-82E6-6048FA3E5420}.Release|Any CPU.ActiveCfg = Release|Any CPU
		{BB773BDD-6ADF-4188-82E6-6048FA3E5420}.Release|Any CPU.Build.0 = Release|Any CPU
		{C73C1127-B7EF-4E90-9ACD-BFD61B1845BB}.Debug|Any CPU.ActiveCfg = Debug|Any CPU
		{C73C1127-B7EF-4E90-9ACD-BFD61B1845BB}.Debug|Any CPU.Build.0 = Debug|Any CPU
		{C73C1127-B7EF-4E90-9ACD-BFD61B1845BB}.Release|Any CPU.ActiveCfg = Release|Any CPU
		{C73C1127-B7EF-4E90-9ACD-BFD61B1845BB}.Release|Any CPU.Build.0 = Release|Any CPU
	EndGlobalSection
	GlobalSection(SolutionProperties) = preSolution
		HideSolutionNode = FALSE
	EndGlobalSection
	GlobalSection(NestedProjects) = preSolution
		{85EB28F6-03E2-474D-8023-EE8FD95F75F2} = {6D3B8C16-186F-4585-B673-FCD2944F38B3}
		{CB45067C-A9D3-4758-9FFD-ADD9F280EA4D} = {E9819B3C-B622-47ED-AD82-DE8CB100BD2B}
		{740E193C-C000-407D-88EB-AB6492874554} = {CBE2B581-9BFD-4F1B-B8F2-1A08FCBF031C}
		{566450BB-65AF-40CD-8654-E525C16B2408} = {D6343D97-C1C2-414A-93BA-99AE80D004DB}
		{0CDD347D-C11B-435C-B0D9-BF82E5245503} = {D6343D97-C1C2-414A-93BA-99AE80D004DB}
		{8720F651-01D3-4659-8EE8-4FD933DAEE94} = {CBE2B581-9BFD-4F1B-B8F2-1A08FCBF031C}
		{42ABF962-0B51-41B0-92B3-98C7A2B2B171} = {E9819B3C-B622-47ED-AD82-DE8CB100BD2B}
		{46CB408F-9721-423F-84D7-844328E08731} = {E9819B3C-B622-47ED-AD82-DE8CB100BD2B}
		{BF247438-BEC6-4459-9CF8-B16C27B833E7} = {E9819B3C-B622-47ED-AD82-DE8CB100BD2B}
		{5889619D-CC10-4BE5-BC54-D9199F52078A} = {6D3B8C16-186F-4585-B673-FCD2944F38B3}
		{BB773BDD-6ADF-4188-82E6-6048FA3E5420} = {6D3B8C16-186F-4585-B673-FCD2944F38B3}
		{C73C1127-B7EF-4E90-9ACD-BFD61B1845BB} = {D6343D97-C1C2-414A-93BA-99AE80D004DB}
	EndGlobalSection
EndGlobal
